{
  "pins" : [
    {
      "identity" : "alamofire",
      "kind" : "remoteSourceControl",
      "location" : "https://github.com/Alamofire/Alamofire.git",
      "state" : {
        "revision" : "becd9a729a37bdbef5bc39dc3c702b99f9e3d046",
        "version" : "5.2.2"
      }
    },
    {
      "identity" : "networkrequester",
      "kind" : "remoteSourceControl",
      "location" : "https://github.com/houboye/NetworkRequester.git",
      "state" : {
        "revision" : "8c83a2198d500448428ba0099011566f764d87d0",
        "version" : "0.0.1"
      }
    }
  ],
  "version" : 2
}
