{
  "object": {
    "pins": [
      {
        "package": "Alamofire",
        "repositoryURL": "https://github.com/Alamofire/Alamofire.git",
        "state": {
          "branch": null,
          "revision": "becd9a729a37bdbef5bc39dc3c702b99f9e3d046",
          "version": "5.2.2"
        }
      },
      {
        "package": "NetworkRequester",
        "repositoryURL": "https://github.com/houboye/NetworkRequester.git",
        "state": {
          "branch": null,
          "revision": "ce27e4c06c411f716e99237016719f6b5b5057a7",
          "version": "0.0.1"
        }
      }
    ]
  },
  "version": 1
}
